{
  "name": "Crafting",
  "version": "0.1.0",
  "lockfileVersion": 3,
  "requires": true,
  "packages": {
    "": {
      "version": "0.1.0",
      "dependencies": {
        "@sanjo-addons/array": "^2.1.1",
        "@sanjo-addons/bags": "^2.1.0",
        "@sanjo-addons/boolean": "^2.0.0",
        "@sanjo-addons/coroutine": "^2.0.1",
        "@sanjo-addons/events": "^2.2.0",
        "@sanjo-addons/library": "^0.5.1",
        "@sanjo-addons/mathematics": "^2.0.1",
        "@sanjo-addons/object": "^1.1.1",
        "@sanjo-addons/set": "^1.1.2",
        "@sanjo-addons/string": "^2.0.1"
      }
    },
    "node_modules/@sanjo-addons/array": {
      "version": "2.1.1",
      "resolved": "https://registry.npmjs.org/@sanjo-addons/array/-/array-2.1.1.tgz",
      "integrity": "sha512-FlHUhZS5BMWfY7VuE22L6mHMM2fii4/EAd0FNuht31KLyHFFgvX/XAeRatEHvnxSeVrwq2rE7yu8pqGaJfGKZw==",
      "dependencies": {
        "@sanjo-addons/float": "^2.0.1",
        "@sanjo-addons/function": "^2.0.1",
        "@sanjo-addons/library": "^0.5.1",
        "@sanjo-addons/object": "^1.1.1"
      }
    },
    "node_modules/@sanjo-addons/bags": {
      "version": "2.1.0",
      "resolved": "https://registry.npmjs.org/@sanjo-addons/bags/-/bags-2.1.0.tgz",
      "integrity": "sha512-0mO5qr8zmxy4yf3q301Hnhoq6HJcRk30nH0In034kPbnuSky+FGEntlDx0sqI/vKN31ORtwGHdvNLV/qmZJZHQ==",
      "dependencies": {
        "@sanjo-addons/compatibility": "^2.0.2",
        "@sanjo-addons/library": "^0.5.0",
        "@sanjo-addons/set": "^1.1.0"
      }
    },
    "node_modules/@sanjo-addons/boolean": {
      "version": "2.0.0",
      "resolved": "https://registry.npmjs.org/@sanjo-addons/boolean/-/boolean-2.0.0.tgz",
      "integrity": "sha512-waKEhxW7LmV01UXSe+4J82/5zQ6kjwIFZUTccEO8p4to6xMjvcCPFH/1q+z791dHblQ+uSetmO9Yd8CbbdI14A==",
      "dependencies": {
        "@sanjo-addons/library": "^0.5.0"
      }
    },
    "node_modules/@sanjo-addons/caching": {
      "version": "2.0.1",
      "resolved": "https://registry.npmjs.org/@sanjo-addons/caching/-/caching-2.0.1.tgz",
      "integrity": "sha512-hRnweDEFzSZtAwv0Ff0orP7C2e5Mlzn7Jj/GMksMjEZlIlrGQJkTjqCeslVfZTYU9nuM5VRuYrdtAm8eewXugw==",
      "dependencies": {
        "@sanjo-addons/library": "^0.5.0"
      }
    },
    "node_modules/@sanjo-addons/compatibility": {
      "version": "2.0.2",
      "resolved": "https://registry.npmjs.org/@sanjo-addons/compatibility/-/compatibility-2.0.2.tgz",
      "integrity": "sha512-OrR+dWgWXNJNDXlNEq606MFNPmGnxOonTDKsLvChEriuEPjq4bc0PTlnB+sT718m7TV33JxUlQEpFeC2mUoqkw==",
      "dependencies": {
        "@sanjo-addons/array": "^2.0.1",
        "@sanjo-addons/boolean": "^2.0.0",
        "@sanjo-addons/caching": "^2.0.0",
        "@sanjo-addons/library": "^0.5.0"
      }
    },
    "node_modules/@sanjo-addons/coroutine": {
      "version": "2.0.1",
      "resolved": "https://registry.npmjs.org/@sanjo-addons/coroutine/-/coroutine-2.0.1.tgz",
      "integrity": "sha512-kpR07NmubVWuJHVJldRS1pwtPMwWkomfv76tGHghqnaFmwp+QN9JU8vPqWLSQTdwRcbjnm+ku8XGH9iycgy+xA==",
      "dependencies": {
        "@sanjo-addons/library": "^0.5.0"
      }
    },
    "node_modules/@sanjo-addons/events": {
      "version": "2.2.0",
      "resolved": "https://registry.npmjs.org/@sanjo-addons/events/-/events-2.2.0.tgz",
      "integrity": "sha512-47E/uUF3VvDIA6Arh+VOtni+nNA5Wsd9ibMF3eWttBI8tGSbf7kvbg2DG0EqOiqPzXhWUpFjMn//ECXR0pYpuw==",
      "dependencies": {
        "@sanjo-addons/array": "^2.0.1",
        "@sanjo-addons/boolean": "^2.0.0",
        "@sanjo-addons/coroutine": "^2.0.0",
        "@sanjo-addons/function": "^2.0.0",
        "@sanjo-addons/library": "^0.5.0",
        "@sanjo-addons/object": "^1.1.0",
        "@sanjo-addons/set": "^1.1.0"
      }
    },
    "node_modules/@sanjo-addons/float": {
      "version": "2.0.1",
      "resolved": "https://registry.npmjs.org/@sanjo-addons/float/-/float-2.0.1.tgz",
      "integrity": "sha512-XH6xpT76tdCfvOx83EZJBZt9kAptcGZjWA2U5OlvlvXgizovAA00x8vSsI1+VjC6btZT3JibOdC/Yacfk9PTIg==",
      "dependencies": {
        "@sanjo-addons/library": "^0.5.0"
      }
    },
    "node_modules/@sanjo-addons/function": {
      "version": "2.0.1",
      "resolved": "https://registry.npmjs.org/@sanjo-addons/function/-/function-2.0.1.tgz",
      "integrity": "sha512-f9oCr1GqYxZSUIjYcbVzBVjTaoy0LZielA0Ex6zm1IBZHNyswvupgHKaZPihbVlFmOpzTiKE9LU4hHHBceJ75w==",
      "dependencies": {
        "@sanjo-addons/array": "^2.0.1",
        "@sanjo-addons/library": "^0.5.0"
      }
    },
    "node_modules/@sanjo-addons/library": {
      "version": "0.5.1",
      "resolved": "https://registry.npmjs.org/@sanjo-addons/library/-/library-0.5.1.tgz",
      "integrity": "sha512-xaNzUpT6ZJH/yioz5jR0UfYohnenKKPHKoEpkV0PCZFQjIgf2qWdCsvWyHUf0ZbB6Q+hjM0L5chB4FpOCobYYw=="
    },
    "node_modules/@sanjo-addons/mathematics": {
      "version": "2.0.1",
      "resolved": "https://registry.npmjs.org/@sanjo-addons/mathematics/-/mathematics-2.0.1.tgz",
      "integrity": "sha512-xDahXu19hjGoQSK+7+XP+YiC3Oue5nASrAR2BvkA6vl3v0yaPE3Qt5HKnYvaJpC8RVny5qEHB8GORpCDSBHNHw==",
      "dependencies": {
        "@sanjo-addons/array": "^2.0.1"
      }
    },
    "node_modules/@sanjo-addons/object": {
      "version": "1.1.1",
      "resolved": "https://registry.npmjs.org/@sanjo-addons/object/-/object-1.1.1.tgz",
      "integrity": "sha512-+1z73UkfzHamE8xF5vCrV75M69cmsornqxQkbHu6379nW0FgXPLTMa2fBfyYaMEFB4eD/oyiVW4Sknpuh/+soQ==",
      "dependencies": {
        "@sanjo-addons/boolean": "^2.0.0",
        "@sanjo-addons/library": "^0.5.0",
        "@sanjo-addons/set": "^1.1.0"
      }
    },
    "node_modules/@sanjo-addons/set": {
      "version": "1.1.2",
      "resolved": "https://registry.npmjs.org/@sanjo-addons/set/-/set-1.1.2.tgz",
      "integrity": "sha512-rPwzIgKO+3w7yyKJKk+ZnjiCzwbwj5VCEIkG7LvK+Pc+QOxhARSTYVVmY0ozOwm6SiVLxXtB9slQdwLEFnMBtw==",
      "dependencies": {
        "@sanjo-addons/boolean": "^2.0.0",
        "@sanjo-addons/library": "^0.5.0",
        "@sanjo-addons/object": "^1.0.0"
      }
    },
    "node_modules/@sanjo-addons/string": {
      "version": "2.0.1",
      "resolved": "https://registry.npmjs.org/@sanjo-addons/string/-/string-2.0.1.tgz",
      "integrity": "sha512-qUHKH3XlvjJ9wyzBq/GOvjCnRQRvoOQLbLsmGK/9UJX9ddHamTlZCmps7Gzdd2VeZ7coXruWixdkxXr61ph3Xw=="
    }
  }
}
